{
  "requires": true,
  "lockfileVersion": 1,
  "dependencies": {
    "ngx-audio-player": {
      "version": "9.1.0",
      "resolved": "https://registry.npmjs.org/ngx-audio-player/-/ngx-audio-player-9.1.0.tgz",
      "integrity": "sha512-Q4jMCejzSqUxqzZe9EJpacf6cZz1FP57RELuXceEeIczRBjWGuK5aHyk2EysesaTfu4h+m+4lcMNLdTPRk+ljg==",
      "requires": {
        "tslib": "^1.10.0"
      }
    },
    "tslib": {
      "version": "1.13.0",
      "resolved": "https://registry.npmjs.org/tslib/-/tslib-1.13.0.tgz",
      "integrity": "sha512-i/6DQjL8Xf3be4K/E6Wgpekn5Qasl1usyw++dAA35Ue5orEn65VIxOA+YvNNl9HV3qv70T7CNwjODHZrLwvd1Q=="
    }
  }
}
